
Microsoft Visual Studio Solution File, Format Version 12.00
# Visual Studio Version 17
VisualStudioVersion = 17.3.32901.215
MinimumVisualStudioVersion = 10.0.40219.1
Project("{9A19103F-16F7-4668-BE54-9A1E7A4F7556}") = "SlidingPuzzle.PatternDatabase", "SlidingPuzzle.PatternDatabase\SlidingPuzzle.PatternDatabase.csproj", "{B973228D-5A7F-435E-B987-50A44633C2FA}"
EndProject
Project("{9A19103F-16F7-4668-BE54-9A1E7A4F7556}") = "SlidingPuzzle.Solvers", "SlidingPuzzle.Solvers\SlidingPuzzle.Solvers.csproj", "{75F8B884-8887-4850-8287-768C514A993B}"
EndProject
Global
	GlobalSection(SolutionConfigurationPlatforms) = preSolution
		Debug|Any CPU = Debug|Any CPU
		Release|Any CPU = Release|Any CPU
	EndGlobalSection
	GlobalSection(ProjectConfigurationPlatforms) = postSolution
		{B973228D-5A7F-435E-B987-50A44633C2FA}.Debug|Any CPU.ActiveCfg = Debug|Any CPU
		{B973228D-5A7F-435E-B987-50A44633C2FA}.Debug|Any CPU.Build.0 = Debug|Any CPU
		{B973228D-5A7F-435E-B987-50A44633C2FA}.Release|Any CPU.ActiveCfg = Release|Any CPU
		{B973228D-5A7F-435E-B987-50A44633C2FA}.Release|Any CPU.Build.0 = Release|Any CPU
		{75F8B884-8887-4850-8287-768C514A993B}.Debug|Any CPU.ActiveCfg = Debug|Any CPU
		{75F8B884-8887-4850-8287-768C514A993B}.Debug|Any CPU.Build.0 = Debug|Any CPU
		{75F8B884-8887-4850-8287-768C514A993B}.Release|Any CPU.ActiveCfg = Release|Any CPU
		{75F8B884-8887-4850-8287-768C514A993B}.Release|Any CPU.Build.0 = Release|Any CPU
	EndGlobalSection
	GlobalSection(SolutionProperties) = preSolution
		HideSolutionNode = FALSE
	EndGlobalSection
	GlobalSection(ExtensibilityGlobals) = postSolution
		SolutionGuid = {5785CE0F-F41A-4389-91DA-66AA8936DEEE}
	EndGlobalSection
EndGlobal
